
Microsoft Visual Studio Solution File, Format Version 12.00
# Visual Studio Version 17
VisualStudioVersion = 17.11.35208.52
MinimumVisualStudioVersion = 10.0.40219.1
Project("{FAE04EC0-301F-11D3-BF4B-00C04F79EFBC}") = "WindowsFormsApp3", "WindowsFormsApp3\WindowsFormsApp3.csproj", "{ADAE9B56-0880-4500-ACC2-81FA1712C4D3}"
EndProject
Global
	GlobalSection(SolutionConfigurationPlatforms) = preSolution
		Debug|Any CPU = Debug|Any CPU
		Release|Any CPU = Release|Any CPU
	EndGlobalSection
	GlobalSection(ProjectConfigurationPlatforms) = postSolution
		{ADAE9B56-0880-4500-ACC2-81FA1712C4D3}.Debug|Any CPU.ActiveCfg = Debug|Any CPU
		{ADAE9B56-0880-4500-ACC2-81FA1712C4D3}.Debug|Any CPU.Build.0 = Debug|Any CPU
		{ADAE9B56-0880-4500-ACC2-81FA1712C4D3}.Release|Any CPU.ActiveCfg = Release|Any CPU
		{ADAE9B56-0880-4500-ACC2-81FA1712C4D3}.Release|Any CPU.Build.0 = Release|Any CPU
	EndGlobalSection
	GlobalSection(SolutionProperties) = preSolution
		HideSolutionNode = FALSE
	EndGlobalSection
	GlobalSection(ExtensibilityGlobals) = postSolution
		SolutionGuid = {2206630B-D35A-4212-9450-7F32C84203D6}
	EndGlobalSection
EndGlobal
